PODS:
  - AMap3DMap (5.4.0):
    - AMapFoundation (~> 1.3)
  - AMapFoundation (1.4.2)
  - AMapLocation (2.4.0):
    - AMapFoundation (~> 1.4)
  - AMapNavi (5.3.0):
    - AMap3DMap (>= 5.3.0)
    - AMapFoundation (~> 1.4)
  - AMapSearch (5.4.0):
    - AMapFoundation (~> 1.4)
  - Charts (3.0.4):
    - Charts/Core (= 3.0.4)
  - Charts/Core (3.0.4)
  - DJI-SDK-iOS (4.3.1)
  - DJI-UILibrary-iOS (4.3)

DEPENDENCIES:
  - AMap3DMap
  - AMapLocation
  - AMapNavi
  - AMapSearch
  - Charts
  - DJI-SDK-iOS (~> 4.3)
  - DJI-UILibrary-iOS (~> 4.3)

SPEC CHECKSUMS:
  AMap3DMap: 3eb906ac6b9d488413ab26c24f67eca4b4ad4641
  AMapFoundation: 6c0471c9a6a0ad17dad46e3d800ad56ca170f82a
  AMapLocation: 47b62b5381a66e4d0c2931b70ffde72682427896
  AMapNavi: 3f553beb42afdc4c18b2ca8137f9363038d8783d
  AMapSearch: 97042f81c1c8ea8adc4b1dadf1b1a688210aa141
  Charts: 0705898046257443f0afbbc3179f4b67507b6e48
  DJI-SDK-iOS: 85b0eee2cc13e4ac7b8a9dc95129377e5ba87195
  DJI-UILibrary-iOS: 16cbd152de65d8cbf1d1624942e1a5ad6887dd01

PODFILE CHECKSUM: 464665e771a87dd88c1c87f7aea8c9f4461bdac9

COCOAPODS: 1.3.1
