// !$*UTF8*$!
{
	archiveVersion = 1;
	classes = {
	};
	objectVersion = 48;
	objects = {

/* Begin PBXBuildFile section */
		A21108401FA0531900C21EFB /* MovingAnnotationViewController.swift in Sources */ = {isa = PBXBuildFile; fileRef = A211083F1FA0531900C21EFB /* MovingAnnotationViewController.swift */; };
		A266DAA71F979ED4006B2EDD /* AppDelegate.swift in Sources */ = {isa = PBXBuildFile; fileRef = A266DAA61F979ED4006B2EDD /* AppDelegate.swift */; };
		A266DAAC1F979ED4006B2EDD /* Main.storyboard in Resources */ = {isa = PBXBuildFile; fileRef = A266DAAA1F979ED4006B2EDD /* Main.storyboard */; };
		A266DAAF1F979ED4006B2EDD /* MOSProject.xcdatamodeld in Sources */ = {isa = PBXBuildFile; fileRef = A266DAAD1F979ED4006B2EDD /* MOSProject.xcdatamodeld */; };
		A266DAB11F979ED4006B2EDD /* Assets.xcassets in Resources */ = {isa = PBXBuildFile; fileRef = A266DAB01F979ED4006B2EDD /* Assets.xcassets */; };
		A266DAB41F979ED4006B2EDD /* LaunchScreen.storyboard in Resources */ = {isa = PBXBuildFile; fileRef = A266DAB21F979ED4006B2EDD /* LaunchScreen.storyboard */; };
		A266DABF1F979ED4006B2EDD /* MOSProjectTests.swift in Sources */ = {isa = PBXBuildFile; fileRef = A266DABE1F979ED4006B2EDD /* MOSProjectTests.swift */; };
		A266DACA1F979ED4006B2EDD /* MOSProjectUITests.swift in Sources */ = {isa = PBXBuildFile; fileRef = A266DAC91F979ED4006B2EDD /* MOSProjectUITests.swift */; };
		A266DAD91F97A0AC006B2EDD /* MOSAction.swift in Sources */ = {isa = PBXBuildFile; fileRef = A266DAD81F97A0AC006B2EDD /* MOSAction.swift */; };
		A266DADE1F97A56B006B2EDD /* MOSSection.swift in Sources */ = {isa = PBXBuildFile; fileRef = A266DADD1F97A56B006B2EDD /* MOSSection.swift */; };
		A266DAE01F97AC71006B2EDD /* MOSModel.swift in Sources */ = {isa = PBXBuildFile; fileRef = A266DADF1F97AC71006B2EDD /* MOSModel.swift */; };
		A266DAE41F986ECD006B2EDD /* MOSProductCommunicationManager.swift in Sources */ = {isa = PBXBuildFile; fileRef = A266DAE31F986ECD006B2EDD /* MOSProductCommunicationManager.swift */; };
		A266DAE81F987D2F006B2EDD /* MOSDynamicTableViewCell.swift in Sources */ = {isa = PBXBuildFile; fileRef = A266DAE61F987D2F006B2EDD /* MOSDynamicTableViewCell.swift */; };
		A266DAE91F987D2F006B2EDD /* MOSDynamicTableViewCell.xib in Resources */ = {isa = PBXBuildFile; fileRef = A266DAE71F987D2F006B2EDD /* MOSDynamicTableViewCell.xib */; };
		A266DAEB1F988026006B2EDD /* MOSMainTabViewController.swift in Sources */ = {isa = PBXBuildFile; fileRef = A266DAEA1F988026006B2EDD /* MOSMainTabViewController.swift */; };
		A266DAED1F9881BC006B2EDD /* MOSJSONDynamicController.swift in Sources */ = {isa = PBXBuildFile; fileRef = A266DAEC1F9881BC006B2EDD /* MOSJSONDynamicController.swift */; };
		A266DAF01F9882C9006B2EDD /* MOSLogConsoleViewController.swift in Sources */ = {isa = PBXBuildFile; fileRef = A266DAEE1F9882C9006B2EDD /* MOSLogConsoleViewController.swift */; };
		A266DAF11F9882C9006B2EDD /* MOSLogConsoleViewController.xib in Resources */ = {isa = PBXBuildFile; fileRef = A266DAEF1F9882C9006B2EDD /* MOSLogConsoleViewController.xib */; };
		A266DAF31F9882DB006B2EDD /* AdvancedViewController.swift in Sources */ = {isa = PBXBuildFile; fileRef = A266DAF21F9882DB006B2EDD /* AdvancedViewController.swift */; };
		A290B8781F9DB66F0015D339 /* DJIAircraftAnnotation.swift in Sources */ = {isa = PBXBuildFile; fileRef = A290B8771F9DB66F0015D339 /* DJIAircraftAnnotation.swift */; };
		A290B87A1F9DB77F0015D339 /* DJIAircraftAnnotationView.swift in Sources */ = {isa = PBXBuildFile; fileRef = A290B8791F9DB77F0015D339 /* DJIAircraftAnnotationView.swift */; };
		A290B87F1F9DBA0E0015D339 /* DJIMapController.swift in Sources */ = {isa = PBXBuildFile; fileRef = A290B87E1F9DBA0E0015D339 /* DJIMapController.swift */; };
		A290B8811F9DBBFD0015D339 /* DJIRootViewController.swift in Sources */ = {isa = PBXBuildFile; fileRef = A290B8801F9DBBFD0015D339 /* DJIRootViewController.swift */; };
		A290B8831F9DC2610015D339 /* DJIRootViewController.xib in Resources */ = {isa = PBXBuildFile; fileRef = A290B8821F9DC2610015D339 /* DJIRootViewController.xib */; };
		A290B8861F9DC5A50015D339 /* DJIGSButtonController.swift in Sources */ = {isa = PBXBuildFile; fileRef = A290B8841F9DC5A50015D339 /* DJIGSButtonController.swift */; };
		A290B8871F9DC5A50015D339 /* DJIGSButtonController.xib in Resources */ = {isa = PBXBuildFile; fileRef = A290B8851F9DC5A50015D339 /* DJIGSButtonController.xib */; };
		A29CBBB51F9F2C390008D99B /* DJIWaypointConfigViewController.swift in Sources */ = {isa = PBXBuildFile; fileRef = A29CBBB31F9F2C390008D99B /* DJIWaypointConfigViewController.swift */; };
		A29CBBB61F9F2C390008D99B /* DJIWaypointConfigViewController.xib in Resources */ = {isa = PBXBuildFile; fileRef = A29CBBB41F9F2C390008D99B /* DJIWaypointConfigViewController.xib */; };
		A2A112ED1F98AF0E00A6B0D8 /* config.json in Resources */ = {isa = PBXBuildFile; fileRef = A2A112EC1F98AF0E00A6B0D8 /* config.json */; };
		A2A112F01F9B3D3F00A6B0D8 /* AdvancedViewController.xib in Resources */ = {isa = PBXBuildFile; fileRef = A2A112EF1F9B3D3F00A6B0D8 /* AdvancedViewController.xib */; };
		A36503BBE977568B104C35FE /* libPods-MOSProject.a in Frameworks */ = {isa = PBXBuildFile; fileRef = AFF5BBDFA7012176F8BF6346 /* libPods-MOSProject.a */; };
/* End PBXBuildFile section */

/* Begin PBXContainerItemProxy section */
		A266DABB1F979ED4006B2EDD /* PBXContainerItemProxy */ = {
			isa = PBXContainerItemProxy;
			containerPortal = A266DA9B1F979ED4006B2EDD /* Project object */;
			proxyType = 1;
			remoteGlobalIDString = A266DAA21F979ED4006B2EDD;
			remoteInfo = MOSProject;
		};
		A266DAC61F979ED4006B2EDD /* PBXContainerItemProxy */ = {
			isa = PBXContainerItemProxy;
			containerPortal = A266DA9B1F979ED4006B2EDD /* Project object */;
			proxyType = 1;
			remoteGlobalIDString = A266DAA21F979ED4006B2EDD;
			remoteInfo = MOSProject;
		};
/* End PBXContainerItemProxy section */

/* Begin PBXFileReference section */
		348FE6671CFC52AE24C67600 /* Pods-MOSProject.release.xcconfig */ = {isa = PBXFileReference; includeInIndex = 1; lastKnownFileType = text.xcconfig; name = "Pods-MOSProject.release.xcconfig"; path = "Pods/Target Support Files/Pods-MOSProject/Pods-MOSProject.release.xcconfig"; sourceTree = "<group>"; };
		A211083F1FA0531900C21EFB /* MovingAnnotationViewController.swift */ = {isa = PBXFileReference; lastKnownFileType = sourcecode.swift; path = MovingAnnotationViewController.swift; sourceTree = "<group>"; };
		A266DAA31F979ED4006B2EDD /* MOSProject.app */ = {isa = PBXFileReference; explicitFileType = wrapper.application; includeInIndex = 0; path = MOSProject.app; sourceTree = BUILT_PRODUCTS_DIR; };
		A266DAA61F979ED4006B2EDD /* AppDelegate.swift */ = {isa = PBXFileReference; lastKnownFileType = sourcecode.swift; path = AppDelegate.swift; sourceTree = "<group>"; };
		A266DAAB1F979ED4006B2EDD /* Base */ = {isa = PBXFileReference; lastKnownFileType = file.storyboard; name = Base; path = Base.lproj/Main.storyboard; sourceTree = "<group>"; };
		A266DAAE1F979ED4006B2EDD /* MOSProject.xcdatamodel */ = {isa = PBXFileReference; lastKnownFileType = wrapper.xcdatamodel; path = MOSProject.xcdatamodel; sourceTree = "<group>"; };
		A266DAB01F979ED4006B2EDD /* Assets.xcassets */ = {isa = PBXFileReference; lastKnownFileType = folder.assetcatalog; path = Assets.xcassets; sourceTree = "<group>"; };
		A266DAB31F979ED4006B2EDD /* Base */ = {isa = PBXFileReference; lastKnownFileType = file.storyboard; name = Base; path = Base.lproj/LaunchScreen.storyboard; sourceTree = "<group>"; };
		A266DAB51F979ED4006B2EDD /* Info.plist */ = {isa = PBXFileReference; lastKnownFileType = text.plist.xml; path = Info.plist; sourceTree = "<group>"; };
		A266DABA1F979ED4006B2EDD /* MOSProjectTests.xctest */ = {isa = PBXFileReference; explicitFileType = wrapper.cfbundle; includeInIndex = 0; path = MOSProjectTests.xctest; sourceTree = BUILT_PRODUCTS_DIR; };
		A266DABE1F979ED4006B2EDD /* MOSProjectTests.swift */ = {isa = PBXFileReference; lastKnownFileType = sourcecode.swift; path = MOSProjectTests.swift; sourceTree = "<group>"; };
		A266DAC01F979ED4006B2EDD /* Info.plist */ = {isa = PBXFileReference; lastKnownFileType = text.plist.xml; path = Info.plist; sourceTree = "<group>"; };
		A266DAC51F979ED4006B2EDD /* MOSProjectUITests.xctest */ = {isa = PBXFileReference; explicitFileType = wrapper.cfbundle; includeInIndex = 0; path = MOSProjectUITests.xctest; sourceTree = BUILT_PRODUCTS_DIR; };
		A266DAC91F979ED4006B2EDD /* MOSProjectUITests.swift */ = {isa = PBXFileReference; lastKnownFileType = sourcecode.swift; path = MOSProjectUITests.swift; sourceTree = "<group>"; };
		A266DACB1F979ED4006B2EDD /* Info.plist */ = {isa = PBXFileReference; lastKnownFileType = text.plist.xml; path = Info.plist; sourceTree = "<group>"; };
		A266DAD81F97A0AC006B2EDD /* MOSAction.swift */ = {isa = PBXFileReference; lastKnownFileType = sourcecode.swift; path = MOSAction.swift; sourceTree = "<group>"; };
		A266DADD1F97A56B006B2EDD /* MOSSection.swift */ = {isa = PBXFileReference; lastKnownFileType = sourcecode.swift; path = MOSSection.swift; sourceTree = "<group>"; };
		A266DADF1F97AC71006B2EDD /* MOSModel.swift */ = {isa = PBXFileReference; lastKnownFileType = sourcecode.swift; path = MOSModel.swift; sourceTree = "<group>"; };
		A266DAE31F986ECD006B2EDD /* MOSProductCommunicationManager.swift */ = {isa = PBXFileReference; lastKnownFileType = sourcecode.swift; path = MOSProductCommunicationManager.swift; sourceTree = "<group>"; };
		A266DAE61F987D2F006B2EDD /* MOSDynamicTableViewCell.swift */ = {isa = PBXFileReference; lastKnownFileType = sourcecode.swift; path = MOSDynamicTableViewCell.swift; sourceTree = "<group>"; };
		A266DAE71F987D2F006B2EDD /* MOSDynamicTableViewCell.xib */ = {isa = PBXFileReference; lastKnownFileType = file.xib; path = MOSDynamicTableViewCell.xib; sourceTree = "<group>"; };
		A266DAEA1F988026006B2EDD /* MOSMainTabViewController.swift */ = {isa = PBXFileReference; lastKnownFileType = sourcecode.swift; path = MOSMainTabViewController.swift; sourceTree = "<group>"; };
		A266DAEC1F9881BC006B2EDD /* MOSJSONDynamicController.swift */ = {isa = PBXFileReference; lastKnownFileType = sourcecode.swift; path = MOSJSONDynamicController.swift; sourceTree = "<group>"; };
		A266DAEE1F9882C9006B2EDD /* MOSLogConsoleViewController.swift */ = {isa = PBXFileReference; lastKnownFileType = sourcecode.swift; path = MOSLogConsoleViewController.swift; sourceTree = "<group>"; };
		A266DAEF1F9882C9006B2EDD /* MOSLogConsoleViewController.xib */ = {isa = PBXFileReference; lastKnownFileType = file.xib; path = MOSLogConsoleViewController.xib; sourceTree = "<group>"; };
		A266DAF21F9882DB006B2EDD /* AdvancedViewController.swift */ = {isa = PBXFileReference; lastKnownFileType = sourcecode.swift; path = AdvancedViewController.swift; sourceTree = "<group>"; };
		A290B8771F9DB66F0015D339 /* DJIAircraftAnnotation.swift */ = {isa = PBXFileReference; lastKnownFileType = sourcecode.swift; path = DJIAircraftAnnotation.swift; sourceTree = "<group>"; };
		A290B8791F9DB77F0015D339 /* DJIAircraftAnnotationView.swift */ = {isa = PBXFileReference; lastKnownFileType = sourcecode.swift; path = DJIAircraftAnnotationView.swift; sourceTree = "<group>"; };
		A290B87B1F9DB7940015D339 /* MOSProject-Bridging-Header.h */ = {isa = PBXFileReference; lastKnownFileType = sourcecode.c.h; path = "MOSProject-Bridging-Header.h"; sourceTree = "<group>"; };
		A290B87E1F9DBA0E0015D339 /* DJIMapController.swift */ = {isa = PBXFileReference; lastKnownFileType = sourcecode.swift; path = DJIMapController.swift; sourceTree = "<group>"; };
		A290B8801F9DBBFD0015D339 /* DJIRootViewController.swift */ = {isa = PBXFileReference; lastKnownFileType = sourcecode.swift; path = DJIRootViewController.swift; sourceTree = "<group>"; };
		A290B8821F9DC2610015D339 /* DJIRootViewController.xib */ = {isa = PBXFileReference; lastKnownFileType = file.xib; path = DJIRootViewController.xib; sourceTree = "<group>"; };
		A290B8841F9DC5A50015D339 /* DJIGSButtonController.swift */ = {isa = PBXFileReference; lastKnownFileType = sourcecode.swift; path = DJIGSButtonController.swift; sourceTree = "<group>"; };
		A290B8851F9DC5A50015D339 /* DJIGSButtonController.xib */ = {isa = PBXFileReference; lastKnownFileType = file.xib; path = DJIGSButtonController.xib; sourceTree = "<group>"; };
		A29CBBB31F9F2C390008D99B /* DJIWaypointConfigViewController.swift */ = {isa = PBXFileReference; lastKnownFileType = sourcecode.swift; path = DJIWaypointConfigViewController.swift; sourceTree = "<group>"; };
		A29CBBB41F9F2C390008D99B /* DJIWaypointConfigViewController.xib */ = {isa = PBXFileReference; lastKnownFileType = file.xib; path = DJIWaypointConfigViewController.xib; sourceTree = "<group>"; };
		A2A112EC1F98AF0E00A6B0D8 /* config.json */ = {isa = PBXFileReference; fileEncoding = 4; lastKnownFileType = text.json; path = config.json; sourceTree = "<group>"; };
		A2A112EF1F9B3D3F00A6B0D8 /* AdvancedViewController.xib */ = {isa = PBXFileReference; lastKnownFileType = file.xib; path = AdvancedViewController.xib; sourceTree = "<group>"; };
		AFF5BBDFA7012176F8BF6346 /* libPods-MOSProject.a */ = {isa = PBXFileReference; explicitFileType = archive.ar; includeInIndex = 0; path = "libPods-MOSProject.a"; sourceTree = BUILT_PRODUCTS_DIR; };
		F0504097D0329A50011ACB39 /* Pods-MOSProject.debug.xcconfig */ = {isa = PBXFileReference; includeInIndex = 1; lastKnownFileType = text.xcconfig; name = "Pods-MOSProject.debug.xcconfig"; path = "Pods/Target Support Files/Pods-MOSProject/Pods-MOSProject.debug.xcconfig"; sourceTree = "<group>"; };
/* End PBXFileReference section */

/* Begin PBXFrameworksBuildPhase section */
		A266DAA01F979ED4006B2EDD /* Frameworks */ = {
			isa = PBXFrameworksBuildPhase;
			buildActionMask = 2147483647;
			files = (
				A36503BBE977568B104C35FE /* libPods-MOSProject.a in Frameworks */,
			);
			runOnlyForDeploymentPostprocessing = 0;
		};
		A266DAB71F979ED4006B2EDD /* Frameworks */ = {
			isa = PBXFrameworksBuildPhase;
			buildActionMask = 2147483647;
			files = (
			);
			runOnlyForDeploymentPostprocessing = 0;
		};
		A266DAC21F979ED4006B2EDD /* Frameworks */ = {
			isa = PBXFrameworksBuildPhase;
			buildActionMask = 2147483647;
			files = (
			);
			runOnlyForDeploymentPostprocessing = 0;
		};
/* End PBXFrameworksBuildPhase section */

/* Begin PBXGroup section */
		5A460A77E4C51791C4202104 /* Frameworks */ = {
			isa = PBXGroup;
			children = (
				AFF5BBDFA7012176F8BF6346 /* libPods-MOSProject.a */,
			);
			name = Frameworks;
			sourceTree = "<group>";
		};
		9522DB3DABC0A12EA8AF5D92 /* Pods */ = {
			isa = PBXGroup;
			children = (
				F0504097D0329A50011ACB39 /* Pods-MOSProject.debug.xcconfig */,
				348FE6671CFC52AE24C67600 /* Pods-MOSProject.release.xcconfig */,
			);
			name = Pods;
			sourceTree = "<group>";
		};
		A211083A1FA04FA800C21EFB /* Moving Annotation */ = {
			isa = PBXGroup;
			children = (
				A211083F1FA0531900C21EFB /* MovingAnnotationViewController.swift */,
			);
			path = "Moving Annotation";
			sourceTree = "<group>";
		};
		A266DA9A1F979ED4006B2EDD = {
			isa = PBXGroup;
			children = (
				A266DAA51F979ED4006B2EDD /* MOSProject */,
				A266DABD1F979ED4006B2EDD /* MOSProjectTests */,
				A266DAC81F979ED4006B2EDD /* MOSProjectUITests */,
				A266DAA41F979ED4006B2EDD /* Products */,
				9522DB3DABC0A12EA8AF5D92 /* Pods */,
				5A460A77E4C51791C4202104 /* Frameworks */,
			);
			sourceTree = "<group>";
		};
		A266DAA41F979ED4006B2EDD /* Products */ = {
			isa = PBXGroup;
			children = (
				A266DAA31F979ED4006B2EDD /* MOSProject.app */,
				A266DABA1F979ED4006B2EDD /* MOSProjectTests.xctest */,
				A266DAC51F979ED4006B2EDD /* MOSProjectUITests.xctest */,
			);
			name = Products;
			sourceTree = "<group>";
		};
		A266DAA51F979ED4006B2EDD /* MOSProject */ = {
			isa = PBXGroup;
			children = (
				A2A112EC1F98AF0E00A6B0D8 /* config.json */,
				A266DAAA1F979ED4006B2EDD /* Main.storyboard */,
				A266DAD71F97A09D006B2EDD /* Model */,
				A266DADC1F97A10D006B2EDD /* Controller */,
				A266DADA1F97A0BC006B2EDD /* Presentation */,
				A266DADB1F97A0DB006B2EDD /* Supporting Files */,
				A266DAB51F979ED4006B2EDD /* Info.plist */,
			);
			path = MOSProject;
			sourceTree = "<group>";
		};
		A266DABD1F979ED4006B2EDD /* MOSProjectTests */ = {
			isa = PBXGroup;
			children = (
				A266DABE1F979ED4006B2EDD /* MOSProjectTests.swift */,
				A266DAC01F979ED4006B2EDD /* Info.plist */,
			);
			path = MOSProjectTests;
			sourceTree = "<group>";
		};
		A266DAC81F979ED4006B2EDD /* MOSProjectUITests */ = {
			isa = PBXGroup;
			children = (
				A266DAC91F979ED4006B2EDD /* MOSProjectUITests.swift */,
				A266DACB1F979ED4006B2EDD /* Info.plist */,
			);
			path = MOSProjectUITests;
			sourceTree = "<group>";
		};
		A266DAD71F97A09D006B2EDD /* Model */ = {
			isa = PBXGroup;
			children = (
				A266DAE21F986EB8006B2EDD /* Network */,
				A266DAAD1F979ED4006B2EDD /* MOSProject.xcdatamodeld */,
				A266DAD81F97A0AC006B2EDD /* MOSAction.swift */,
				A266DADD1F97A56B006B2EDD /* MOSSection.swift */,
				A266DADF1F97AC71006B2EDD /* MOSModel.swift */,
			);
			path = Model;
			sourceTree = "<group>";
		};
		A266DADA1F97A0BC006B2EDD /* Presentation */ = {
			isa = PBXGroup;
			children = (
				A266DAE61F987D2F006B2EDD /* MOSDynamicTableViewCell.swift */,
				A266DAE71F987D2F006B2EDD /* MOSDynamicTableViewCell.xib */,
			);
			path = Presentation;
			sourceTree = "<group>";
		};
		A266DADB1F97A0DB006B2EDD /* Supporting Files */ = {
			isa = PBXGroup;
			children = (
				A266DAA61F979ED4006B2EDD /* AppDelegate.swift */,
				A266DAB01F979ED4006B2EDD /* Assets.xcassets */,
				A266DAB21F979ED4006B2EDD /* LaunchScreen.storyboard */,
			);
			path = "Supporting Files";
			sourceTree = "<group>";
		};
		A266DADC1F97A10D006B2EDD /* Controller */ = {
			isa = PBXGroup;
			children = (
				A290B8751F9DB4E10015D339 /* MOS */,
				A290B8761F9DB4F90015D339 /* Waypoint */,
			);
			path = Controller;
			sourceTree = "<group>";
		};
		A266DAE21F986EB8006B2EDD /* Network */ = {
			isa = PBXGroup;
			children = (
				A266DAE31F986ECD006B2EDD /* MOSProductCommunicationManager.swift */,
			);
			path = Network;
			sourceTree = "<group>";
		};
		A290B8751F9DB4E10015D339 /* MOS */ = {
			isa = PBXGroup;
			children = (
				A266DAEA1F988026006B2EDD /* MOSMainTabViewController.swift */,
				A266DAEC1F9881BC006B2EDD /* MOSJSONDynamicController.swift */,
				A266DAEE1F9882C9006B2EDD /* MOSLogConsoleViewController.swift */,
				A266DAEF1F9882C9006B2EDD /* MOSLogConsoleViewController.xib */,
				A266DAF21F9882DB006B2EDD /* AdvancedViewController.swift */,
				A2A112EF1F9B3D3F00A6B0D8 /* AdvancedViewController.xib */,
			);
			path = MOS;
			sourceTree = "<group>";
		};
		A290B8761F9DB4F90015D339 /* Waypoint */ = {
			isa = PBXGroup;
			children = (
				A211083A1FA04FA800C21EFB /* Moving Annotation */,
				A290B87B1F9DB7940015D339 /* MOSProject-Bridging-Header.h */,
				A290B8771F9DB66F0015D339 /* DJIAircraftAnnotation.swift */,
				A290B8791F9DB77F0015D339 /* DJIAircraftAnnotationView.swift */,
				A290B87E1F9DBA0E0015D339 /* DJIMapController.swift */,
				A290B8821F9DC2610015D339 /* DJIRootViewController.xib */,
				A290B8801F9DBBFD0015D339 /* DJIRootViewController.swift */,
				A290B8841F9DC5A50015D339 /* DJIGSButtonController.swift */,
				A290B8851F9DC5A50015D339 /* DJIGSButtonController.xib */,
				A29CBBB31F9F2C390008D99B /* DJIWaypointConfigViewController.swift */,
				A29CBBB41F9F2C390008D99B /* DJIWaypointConfigViewController.xib */,
			);
			path = Waypoint;
			sourceTree = "<group>";
		};
/* End PBXGroup section */

/* Begin PBXNativeTarget section */
		A266DAA21F979ED4006B2EDD /* MOSProject */ = {
			isa = PBXNativeTarget;
			buildConfigurationList = A266DACE1F979ED4006B2EDD /* Build configuration list for PBXNativeTarget "MOSProject" */;
			buildPhases = (
				3AABC4884D583CF6FB876D7F /* [CP] Check Pods Manifest.lock */,
				A266DA9F1F979ED4006B2EDD /* Sources */,
				A266DAA01F979ED4006B2EDD /* Frameworks */,
				A266DAA11F979ED4006B2EDD /* Resources */,
				2FC6B1FCA09E935CDE2F4B8C /* [CP] Embed Pods Frameworks */,
				04C9959DD2D98DEFAE4170D4 /* [CP] Copy Pods Resources */,
			);
			buildRules = (
			);
			dependencies = (
			);
			name = MOSProject;
			productName = MOSProject;
			productReference = A266DAA31F979ED4006B2EDD /* MOSProject.app */;
			productType = "com.apple.product-type.application";
		};
		A266DAB91F979ED4006B2EDD /* MOSProjectTests */ = {
			isa = PBXNativeTarget;
			buildConfigurationList = A266DAD11F979ED4006B2EDD /* Build configuration list for PBXNativeTarget "MOSProjectTests" */;
			buildPhases = (
				A266DAB61F979ED4006B2EDD /* Sources */,
				A266DAB71F979ED4006B2EDD /* Frameworks */,
				A266DAB81F979ED4006B2EDD /* Resources */,
			);
			buildRules = (
			);
			dependencies = (
				A266DABC1F979ED4006B2EDD /* PBXTargetDependency */,
			);
			name = MOSProjectTests;
			productName = MOSProjectTests;
			productReference = A266DABA1F979ED4006B2EDD /* MOSProjectTests.xctest */;
			productType = "com.apple.product-type.bundle.unit-test";
		};
		A266DAC41F979ED4006B2EDD /* MOSProjectUITests */ = {
			isa = PBXNativeTarget;
			buildConfigurationList = A266DAD41F979ED4006B2EDD /* Build configuration list for PBXNativeTarget "MOSProjectUITests" */;
			buildPhases = (
				A266DAC11F979ED4006B2EDD /* Sources */,
				A266DAC21F979ED4006B2EDD /* Frameworks */,
				A266DAC31F979ED4006B2EDD /* Resources */,
			);
			buildRules = (
			);
			dependencies = (
				A266DAC71F979ED4006B2EDD /* PBXTargetDependency */,
			);
			name = MOSProjectUITests;
			productName = MOSProjectUITests;
			productReference = A266DAC51F979ED4006B2EDD /* MOSProjectUITests.xctest */;
			productType = "com.apple.product-type.bundle.ui-testing";
		};
/* End PBXNativeTarget section */

/* Begin PBXProject section */
		A266DA9B1F979ED4006B2EDD /* Project object */ = {
			isa = PBXProject;
			attributes = {
				LastSwiftUpdateCheck = 0900;
				LastUpgradeCheck = 0900;
				ORGANIZATIONNAME = Darko;
				TargetAttributes = {
					A266DAA21F979ED4006B2EDD = {
						CreatedOnToolsVersion = 9.0;
						LastSwiftMigration = 0900;
						ProvisioningStyle = Automatic;
					};
					A266DAB91F979ED4006B2EDD = {
						CreatedOnToolsVersion = 9.0;
						ProvisioningStyle = Automatic;
						TestTargetID = A266DAA21F979ED4006B2EDD;
					};
					A266DAC41F979ED4006B2EDD = {
						CreatedOnToolsVersion = 9.0;
						ProvisioningStyle = Automatic;
						TestTargetID = A266DAA21F979ED4006B2EDD;
					};
				};
			};
			buildConfigurationList = A266DA9E1F979ED4006B2EDD /* Build configuration list for PBXProject "MOSProject" */;
			compatibilityVersion = "Xcode 8.0";
			developmentRegion = en;
			hasScannedForEncodings = 0;
			knownRegions = (
				en,
				Base,
			);
			mainGroup = A266DA9A1F979ED4006B2EDD;
			productRefGroup = A266DAA41F979ED4006B2EDD /* Products */;
			projectDirPath = "";
			projectRoot = "";
			targets = (
				A266DAA21F979ED4006B2EDD /* MOSProject */,
				A266DAB91F979ED4006B2EDD /* MOSProjectTests */,
				A266DAC41F979ED4006B2EDD /* MOSProjectUITests */,
			);
		};
/* End PBXProject section */

/* Begin PBXResourcesBuildPhase section */
		A266DAA11F979ED4006B2EDD /* Resources */ = {
			isa = PBXResourcesBuildPhase;
			buildActionMask = 2147483647;
			files = (
				A266DAB41F979ED4006B2EDD /* LaunchScreen.storyboard in Resources */,
				A29CBBB61F9F2C390008D99B /* DJIWaypointConfigViewController.xib in Resources */,
				A266DAB11F979ED4006B2EDD /* Assets.xcassets in Resources */,
				A266DAF11F9882C9006B2EDD /* MOSLogConsoleViewController.xib in Resources */,
				A2A112F01F9B3D3F00A6B0D8 /* AdvancedViewController.xib in Resources */,
				A290B8831F9DC2610015D339 /* DJIRootViewController.xib in Resources */,
				A266DAAC1F979ED4006B2EDD /* Main.storyboard in Resources */,
				A266DAE91F987D2F006B2EDD /* MOSDynamicTableViewCell.xib in Resources */,
				A290B8871F9DC5A50015D339 /* DJIGSButtonController.xib in Resources */,
				A2A112ED1F98AF0E00A6B0D8 /* config.json in Resources */,
			);
			runOnlyForDeploymentPostprocessing = 0;
		};
		A266DAB81F979ED4006B2EDD /* Resources */ = {
			isa = PBXResourcesBuildPhase;
			buildActionMask = 2147483647;
			files = (
			);
			runOnlyForDeploymentPostprocessing = 0;
		};
		A266DAC31F979ED4006B2EDD /* Resources */ = {
			isa = PBXResourcesBuildPhase;
			buildActionMask = 2147483647;
			files = (
			);
			runOnlyForDeploymentPostprocessing = 0;
		};
/* End PBXResourcesBuildPhase section */

/* Begin PBXShellScriptBuildPhase section */
		04C9959DD2D98DEFAE4170D4 /* [CP] Copy Pods Resources */ = {
			isa = PBXShellScriptBuildPhase;
			buildActionMask = 2147483647;
			files = (
			);
			inputPaths = (
				"${SRCROOT}/Pods/Target Support Files/Pods-MOSProject/Pods-MOSProject-resources.sh",
				"${PODS_ROOT}/AMap3DMap/MAMapKit.framework/AMap.bundle",
				"${PODS_ROOT}/AMapNavi/AMapNaviKit.framework/AMapNavi.bundle",
			);
			name = "[CP] Copy Pods Resources";
			outputPaths = (
				"${TARGET_BUILD_DIR}/${UNLOCALIZED_RESOURCES_FOLDER_PATH}",
			);
			runOnlyForDeploymentPostprocessing = 0;
			shellPath = /bin/sh;
			shellScript = "\"${SRCROOT}/Pods/Target Support Files/Pods-MOSProject/Pods-MOSProject-resources.sh\"\n";
			showEnvVarsInLog = 0;
		};
		2FC6B1FCA09E935CDE2F4B8C /* [CP] Embed Pods Frameworks */ = {
			isa = PBXShellScriptBuildPhase;
			buildActionMask = 2147483647;
			files = (
			);
			inputPaths = (
				"${SRCROOT}/Pods/Target Support Files/Pods-MOSProject/Pods-MOSProject-frameworks.sh",
				"${PODS_ROOT}/DJI-SDK-iOS/iOS_Mobile_SDK/DJISDK.framework",
			);
			name = "[CP] Embed Pods Frameworks";
			outputPaths = (
				"${TARGET_BUILD_DIR}/${FRAMEWORKS_FOLDER_PATH}/DJISDK.framework",
			);
			runOnlyForDeploymentPostprocessing = 0;
			shellPath = /bin/sh;
			shellScript = "\"${SRCROOT}/Pods/Target Support Files/Pods-MOSProject/Pods-MOSProject-frameworks.sh\"\n";
			showEnvVarsInLog = 0;
		};
		3AABC4884D583CF6FB876D7F /* [CP] Check Pods Manifest.lock */ = {
			isa = PBXShellScriptBuildPhase;
			buildActionMask = 2147483647;
			files = (
			);
			inputPaths = (
				"${PODS_PODFILE_DIR_PATH}/Podfile.lock",
				"${PODS_ROOT}/Manifest.lock",
			);
			name = "[CP] Check Pods Manifest.lock";
			outputPaths = (
				"$(DERIVED_FILE_DIR)/Pods-MOSProject-checkManifestLockResult.txt",
			);
			runOnlyForDeploymentPostprocessing = 0;
			shellPath = /bin/sh;
			shellScript = "diff \"${PODS_PODFILE_DIR_PATH}/Podfile.lock\" \"${PODS_ROOT}/Manifest.lock\" > /dev/null\nif [ $? != 0 ] ; then\n    # print error to STDERR\n    echo \"error: The sandbox is not in sync with the Podfile.lock. Run 'pod install' or update your CocoaPods installation.\" >&2\n    exit 1\nfi\n# This output is used by Xcode 'outputs' to avoid re-running this script phase.\necho \"SUCCESS\" > \"${SCRIPT_OUTPUT_FILE_0}\"\n";
			showEnvVarsInLog = 0;
		};
/* End PBXShellScriptBuildPhase section */

/* Begin PBXSourcesBuildPhase section */
		A266DA9F1F979ED4006B2EDD /* Sources */ = {
			isa = PBXSourcesBuildPhase;
			buildActionMask = 2147483647;
			files = (
				A266DAED1F9881BC006B2EDD /* MOSJSONDynamicController.swift in Sources */,
				A290B87A1F9DB77F0015D339 /* DJIAircraftAnnotationView.swift in Sources */,
				A266DAE41F986ECD006B2EDD /* MOSProductCommunicationManager.swift in Sources */,
				A266DAAF1F979ED4006B2EDD /* MOSProject.xcdatamodeld in Sources */,
				A290B87F1F9DBA0E0015D339 /* DJIMapController.swift in Sources */,
				A266DAF31F9882DB006B2EDD /* AdvancedViewController.swift in Sources */,
				A266DAA71F979ED4006B2EDD /* AppDelegate.swift in Sources */,
				A290B8861F9DC5A50015D339 /* DJIGSButtonController.swift in Sources */,
				A266DAEB1F988026006B2EDD /* MOSMainTabViewController.swift in Sources */,
				A29CBBB51F9F2C390008D99B /* DJIWaypointConfigViewController.swift in Sources */,
				A21108401FA0531900C21EFB /* MovingAnnotationViewController.swift in Sources */,
				A266DAF01F9882C9006B2EDD /* MOSLogConsoleViewController.swift in Sources */,
				A266DADE1F97A56B006B2EDD /* MOSSection.swift in Sources */,
				A290B8781F9DB66F0015D339 /* DJIAircraftAnnotation.swift in Sources */,
				A266DAD91F97A0AC006B2EDD /* MOSAction.swift in Sources */,
				A290B8811F9DBBFD0015D339 /* DJIRootViewController.swift in Sources */,
				A266DAE01F97AC71006B2EDD /* MOSModel.swift in Sources */,
				A266DAE81F987D2F006B2EDD /* MOSDynamicTableViewCell.swift in Sources */,
			);
			runOnlyForDeploymentPostprocessing = 0;
		};
		A266DAB61F979ED4006B2EDD /* Sources */ = {
			isa = PBXSourcesBuildPhase;
			buildActionMask = 2147483647;
			files = (
				A266DABF1F979ED4006B2EDD /* MOSProjectTests.swift in Sources */,
			);
			runOnlyForDeploymentPostprocessing = 0;
		};
		A266DAC11F979ED4006B2EDD /* Sources */ = {
			isa = PBXSourcesBuildPhase;
			buildActionMask = 2147483647;
			files = (
				A266DACA1F979ED4006B2EDD /* MOSProjectUITests.swift in Sources */,
			);
			runOnlyForDeploymentPostprocessing = 0;
		};
/* End PBXSourcesBuildPhase section */

/* Begin PBXTargetDependency section */
		A266DABC1F979ED4006B2EDD /* PBXTargetDependency */ = {
			isa = PBXTargetDependency;
			target = A266DAA21F979ED4006B2EDD /* MOSProject */;
			targetProxy = A266DABB1F979ED4006B2EDD /* PBXContainerItemProxy */;
		};
		A266DAC71F979ED4006B2EDD /* PBXTargetDependency */ = {
			isa = PBXTargetDependency;
			target = A266DAA21F979ED4006B2EDD /* MOSProject */;
			targetProxy = A266DAC61F979ED4006B2EDD /* PBXContainerItemProxy */;
		};
/* End PBXTargetDependency section */

/* Begin PBXVariantGroup section */
		A266DAAA1F979ED4006B2EDD /* Main.storyboard */ = {
			isa = PBXVariantGroup;
			children = (
				A266DAAB1F979ED4006B2EDD /* Base */,
			);
			name = Main.storyboard;
			sourceTree = "<group>";
		};
		A266DAB21F979ED4006B2EDD /* LaunchScreen.storyboard */ = {
			isa = PBXVariantGroup;
			children = (
				A266DAB31F979ED4006B2EDD /* Base */,
			);
			name = LaunchScreen.storyboard;
			sourceTree = "<group>";
		};
/* End PBXVariantGroup section */

/* Begin XCBuildConfiguration section */
		A266DACC1F979ED4006B2EDD /* Debug */ = {
			isa = XCBuildConfiguration;
			buildSettings = {
				ALWAYS_SEARCH_USER_PATHS = NO;
				CLANG_ANALYZER_NONNULL = YES;
				CLANG_ANALYZER_NUMBER_OBJECT_CONVERSION = YES_AGGRESSIVE;
				CLANG_CXX_LANGUAGE_STANDARD = "gnu++14";
				CLANG_CXX_LIBRARY = "libc++";
				CLANG_ENABLE_MODULES = YES;
				CLANG_ENABLE_OBJC_ARC = YES;
				CLANG_WARN_BLOCK_CAPTURE_AUTORELEASING = YES;
				CLANG_WARN_BOOL_CONVERSION = YES;
				CLANG_WARN_COMMA = YES;
				CLANG_WARN_CONSTANT_CONVERSION = YES;
				CLANG_WARN_DIRECT_OBJC_ISA_USAGE = YES_ERROR;
				CLANG_WARN_DOCUMENTATION_COMMENTS = YES;
				CLANG_WARN_EMPTY_BODY = YES;
				CLANG_WARN_ENUM_CONVERSION = YES;
				CLANG_WARN_INFINITE_RECURSION = YES;
				CLANG_WARN_INT_CONVERSION = YES;
				CLANG_WARN_NON_LITERAL_NULL_CONVERSION = YES;
				CLANG_WARN_OBJC_LITERAL_CONVERSION = YES;
				CLANG_WARN_OBJC_ROOT_CLASS = YES_ERROR;
				CLANG_WARN_RANGE_LOOP_ANALYSIS = YES;
				CLANG_WARN_STRICT_PROTOTYPES = YES;
				CLANG_WARN_SUSPICIOUS_MOVE = YES;
				CLANG_WARN_UNGUARDED_AVAILABILITY = YES_AGGRESSIVE;
				CLANG_WARN_UNREACHABLE_CODE = YES;
				CLANG_WARN__DUPLICATE_METHOD_MATCH = YES;
				CODE_SIGN_IDENTITY = "iPhone Developer";
				COPY_PHASE_STRIP = NO;
				DEBUG_INFORMATION_FORMAT = dwarf;
				ENABLE_STRICT_OBJC_MSGSEND = YES;
				ENABLE_TESTABILITY = YES;
				GCC_C_LANGUAGE_STANDARD = gnu11;
				GCC_DYNAMIC_NO_PIC = NO;
				GCC_NO_COMMON_BLOCKS = YES;
				GCC_OPTIMIZATION_LEVEL = 0;
				GCC_PREPROCESSOR_DEFINITIONS = (
					"DEBUG=1",
					"$(inherited)",
				);
				GCC_WARN_64_TO_32_BIT_CONVERSION = YES;
				GCC_WARN_ABOUT_RETURN_TYPE = YES_ERROR;
				GCC_WARN_UNDECLARED_SELECTOR = YES;
				GCC_WARN_UNINITIALIZED_AUTOS = YES_AGGRESSIVE;
				GCC_WARN_UNUSED_FUNCTION = YES;
				GCC_WARN_UNUSED_VARIABLE = YES;
				IPHONEOS_DEPLOYMENT_TARGET = 11.0;
				MTL_ENABLE_DEBUG_INFO = YES;
				ONLY_ACTIVE_ARCH = YES;
				SDKROOT = iphoneos;
				SWIFT_ACTIVE_COMPILATION_CONDITIONS = DEBUG;
				SWIFT_OPTIMIZATION_LEVEL = "-Onone";
			};
			name = Debug;
		};
		A266DACD1F979ED4006B2EDD /* Release */ = {
			isa = XCBuildConfiguration;
			buildSettings = {
				ALWAYS_SEARCH_USER_PATHS = NO;
				CLANG_ANALYZER_NONNULL = YES;
				CLANG_ANALYZER_NUMBER_OBJECT_CONVERSION = YES_AGGRESSIVE;
				CLANG_CXX_LANGUAGE_STANDARD = "gnu++14";
				CLANG_CXX_LIBRARY = "libc++";
				CLANG_ENABLE_MODULES = YES;
				CLANG_ENABLE_OBJC_ARC = YES;
				CLANG_WARN_BLOCK_CAPTURE_AUTORELEASING = YES;
				CLANG_WARN_BOOL_CONVERSION = YES;
				CLANG_WARN_COMMA = YES;
				CLANG_WARN_CONSTANT_CONVERSION = YES;
				CLANG_WARN_DIRECT_OBJC_ISA_USAGE = YES_ERROR;
				CLANG_WARN_DOCUMENTATION_COMMENTS = YES;
				CLANG_WARN_EMPTY_BODY = YES;
				CLANG_WARN_ENUM_CONVERSION = YES;
				CLANG_WARN_INFINITE_RECURSION = YES;
				CLANG_WARN_INT_CONVERSION = YES;
				CLANG_WARN_NON_LITERAL_NULL_CONVERSION = YES;
				CLANG_WARN_OBJC_LITERAL_CONVERSION = YES;
				CLANG_WARN_OBJC_ROOT_CLASS = YES_ERROR;
				CLANG_WARN_RANGE_LOOP_ANALYSIS = YES;
				CLANG_WARN_STRICT_PROTOTYPES = YES;
				CLANG_WARN_SUSPICIOUS_MOVE = YES;
				CLANG_WARN_UNGUARDED_AVAILABILITY = YES_AGGRESSIVE;
				CLANG_WARN_UNREACHABLE_CODE = YES;
				CLANG_WARN__DUPLICATE_METHOD_MATCH = YES;
				CODE_SIGN_IDENTITY = "iPhone Developer";
				COPY_PHASE_STRIP = NO;
				DEBUG_INFORMATION_FORMAT = "dwarf-with-dsym";
				ENABLE_NS_ASSERTIONS = NO;
				ENABLE_STRICT_OBJC_MSGSEND = YES;
				GCC_C_LANGUAGE_STANDARD = gnu11;
				GCC_NO_COMMON_BLOCKS = YES;
				GCC_WARN_64_TO_32_BIT_CONVERSION = YES;
				GCC_WARN_ABOUT_RETURN_TYPE = YES_ERROR;
				GCC_WARN_UNDECLARED_SELECTOR = YES;
				GCC_WARN_UNINITIALIZED_AUTOS = YES_AGGRESSIVE;
				GCC_WARN_UNUSED_FUNCTION = YES;
				GCC_WARN_UNUSED_VARIABLE = YES;
				IPHONEOS_DEPLOYMENT_TARGET = 11.0;
				MTL_ENABLE_DEBUG_INFO = NO;
				SDKROOT = iphoneos;
				SWIFT_OPTIMIZATION_LEVEL = "-Owholemodule";
				VALIDATE_PRODUCT = YES;
			};
			name = Release;
		};
		A266DACF1F979ED4006B2EDD /* Debug */ = {
			isa = XCBuildConfiguration;
			baseConfigurationReference = F0504097D0329A50011ACB39 /* Pods-MOSProject.debug.xcconfig */;
			buildSettings = {
				ASSETCATALOG_COMPILER_APPICON_NAME = AppIcon;
				CLANG_ENABLE_MODULES = YES;
				CODE_SIGN_STYLE = Automatic;
				DEVELOPMENT_TEAM = HCYK33GWAM;
				ENABLE_BITCODE = NO;
				HEADER_SEARCH_PATHS = "\"${PODS_ROOT}/Headers/Public\"";
				INFOPLIST_FILE = MOSProject/Info.plist;
				LD_RUNPATH_SEARCH_PATHS = "$(inherited) @executable_path/Frameworks";
				PRODUCT_BUNDLE_IDENTIFIER = darko.MOSProject;
				PRODUCT_NAME = "$(TARGET_NAME)";
				SWIFT_OBJC_BRIDGING_HEADER = "MOSProject/Controller/Waypoint/MOSProject-Bridging-Header.h";
				SWIFT_OPTIMIZATION_LEVEL = "-Onone";
				SWIFT_VERSION = 4.0;
				TARGETED_DEVICE_FAMILY = "1,2";
			};
			name = Debug;
		};
		A266DAD01F979ED4006B2EDD /* Release */ = {
			isa = XCBuildConfiguration;
			baseConfigurationReference = 348FE6671CFC52AE24C67600 /* Pods-MOSProject.release.xcconfig */;
			buildSettings = {
				ASSETCATALOG_COMPILER_APPICON_NAME = AppIcon;
				CLANG_ENABLE_MODULES = YES;
				CODE_SIGN_STYLE = Automatic;
				DEVELOPMENT_TEAM = HCYK33GWAM;
				ENABLE_BITCODE = NO;
				HEADER_SEARCH_PATHS = "\"${PODS_ROOT}/Headers/Public\"";
				INFOPLIST_FILE = MOSProject/Info.plist;
				LD_RUNPATH_SEARCH_PATHS = "$(inherited) @executable_path/Frameworks";
				PRODUCT_BUNDLE_IDENTIFIER = darko.MOSProject;
				PRODUCT_NAME = "$(TARGET_NAME)";
				SWIFT_OBJC_BRIDGING_HEADER = "MOSProject/Controller/Waypoint/MOSProject-Bridging-Header.h";
				SWIFT_VERSION = 4.0;
				TARGETED_DEVICE_FAMILY = "1,2";
			};
			name = Release;
		};
		A266DAD21F979ED4006B2EDD /* Debug */ = {
			isa = XCBuildConfiguration;
			buildSettings = {
				ALWAYS_EMBED_SWIFT_STANDARD_LIBRARIES = YES;
				BUNDLE_LOADER = "$(TEST_HOST)";
				CODE_SIGN_STYLE = Automatic;
				DEVELOPMENT_TEAM = HCYK33GWAM;
				INFOPLIST_FILE = MOSProjectTests/Info.plist;
				LD_RUNPATH_SEARCH_PATHS = "$(inherited) @executable_path/Frameworks @loader_path/Frameworks";
				PRODUCT_BUNDLE_IDENTIFIER = darko.MOSProjectTests;
				PRODUCT_NAME = "$(TARGET_NAME)";
				SWIFT_VERSION = 4.0;
				TARGETED_DEVICE_FAMILY = "1,2";
				TEST_HOST = "$(BUILT_PRODUCTS_DIR)/MOSProject.app/MOSProject";
			};
			name = Debug;
		};
		A266DAD31F979ED4006B2EDD /* Release */ = {
			isa = XCBuildConfiguration;
			buildSettings = {
				ALWAYS_EMBED_SWIFT_STANDARD_LIBRARIES = YES;
				BUNDLE_LOADER = "$(TEST_HOST)";
				CODE_SIGN_STYLE = Automatic;
				DEVELOPMENT_TEAM = HCYK33GWAM;
				INFOPLIST_FILE = MOSProjectTests/Info.plist;
				LD_RUNPATH_SEARCH_PATHS = "$(inherited) @executable_path/Frameworks @loader_path/Frameworks";
				PRODUCT_BUNDLE_IDENTIFIER = darko.MOSProjectTests;
				PRODUCT_NAME = "$(TARGET_NAME)";
				SWIFT_VERSION = 4.0;
				TARGETED_DEVICE_FAMILY = "1,2";
				TEST_HOST = "$(BUILT_PRODUCTS_DIR)/MOSProject.app/MOSProject";
			};
			name = Release;
		};
		A266DAD51F979ED4006B2EDD /* Debug */ = {
			isa = XCBuildConfiguration;
			buildSettings = {
				ALWAYS_EMBED_SWIFT_STANDARD_LIBRARIES = YES;
				CODE_SIGN_STYLE = Automatic;
				DEVELOPMENT_TEAM = HCYK33GWAM;
				INFOPLIST_FILE = MOSProjectUITests/Info.plist;
				LD_RUNPATH_SEARCH_PATHS = "$(inherited) @executable_path/Frameworks @loader_path/Frameworks";
				PRODUCT_BUNDLE_IDENTIFIER = darko.MOSProjectUITests;
				PRODUCT_NAME = "$(TARGET_NAME)";
				SWIFT_VERSION = 4.0;
				TARGETED_DEVICE_FAMILY = "1,2";
				TEST_TARGET_NAME = MOSProject;
			};
			name = Debug;
		};
		A266DAD61F979ED4006B2EDD /* Release */ = {
			isa = XCBuildConfiguration;
			buildSettings = {
				ALWAYS_EMBED_SWIFT_STANDARD_LIBRARIES = YES;
				CODE_SIGN_STYLE = Automatic;
				DEVELOPMENT_TEAM = HCYK33GWAM;
				INFOPLIST_FILE = MOSProjectUITests/Info.plist;
				LD_RUNPATH_SEARCH_PATHS = "$(inherited) @executable_path/Frameworks @loader_path/Frameworks";
				PRODUCT_BUNDLE_IDENTIFIER = darko.MOSProjectUITests;
				PRODUCT_NAME = "$(TARGET_NAME)";
				SWIFT_VERSION = 4.0;
				TARGETED_DEVICE_FAMILY = "1,2";
				TEST_TARGET_NAME = MOSProject;
			};
			name = Release;
		};
/* End XCBuildConfiguration section */

/* Begin XCConfigurationList section */
		A266DA9E1F979ED4006B2EDD /* Build configuration list for PBXProject "MOSProject" */ = {
			isa = XCConfigurationList;
			buildConfigurations = (
				A266DACC1F979ED4006B2EDD /* Debug */,
				A266DACD1F979ED4006B2EDD /* Release */,
			);
			defaultConfigurationIsVisible = 0;
			defaultConfigurationName = Release;
		};
		A266DACE1F979ED4006B2EDD /* Build configuration list for PBXNativeTarget "MOSProject" */ = {
			isa = XCConfigurationList;
			buildConfigurations = (
				A266DACF1F979ED4006B2EDD /* Debug */,
				A266DAD01F979ED4006B2EDD /* Release */,
			);
			defaultConfigurationIsVisible = 0;
			defaultConfigurationName = Release;
		};
		A266DAD11F979ED4006B2EDD /* Build configuration list for PBXNativeTarget "MOSProjectTests" */ = {
			isa = XCConfigurationList;
			buildConfigurations = (
				A266DAD21F979ED4006B2EDD /* Debug */,
				A266DAD31F979ED4006B2EDD /* Release */,
			);
			defaultConfigurationIsVisible = 0;
			defaultConfigurationName = Release;
		};
		A266DAD41F979ED4006B2EDD /* Build configuration list for PBXNativeTarget "MOSProjectUITests" */ = {
			isa = XCConfigurationList;
			buildConfigurations = (
				A266DAD51F979ED4006B2EDD /* Debug */,
				A266DAD61F979ED4006B2EDD /* Release */,
			);
			defaultConfigurationIsVisible = 0;
			defaultConfigurationName = Release;
		};
/* End XCConfigurationList section */

/* Begin XCVersionGroup section */
		A266DAAD1F979ED4006B2EDD /* MOSProject.xcdatamodeld */ = {
			isa = XCVersionGroup;
			children = (
				A266DAAE1F979ED4006B2EDD /* MOSProject.xcdatamodel */,
			);
			currentVersion = A266DAAE1F979ED4006B2EDD /* MOSProject.xcdatamodel */;
			path = MOSProject.xcdatamodeld;
			sourceTree = "<group>";
			versionGroupType = wrapper.xcdatamodel;
		};
/* End XCVersionGroup section */
	};
	rootObject = A266DA9B1F979ED4006B2EDD /* Project object */;
}
